
Microsoft Visual Studio Solution File, Format Version 12.00
# Visual Studio 15
VisualStudioVersion = 15.0.27703.2047
MinimumVisualStudioVersion = 10.0.40219.1
Project("{FAE04EC0-301F-11D3-BF4B-00C04F79EFBC}") = "GoCardlessApi", "src\GoCardlessApi\GoCardlessApi.csproj", "{DA523352-687A-4F03-BBB5-8522FC6BDD48}"
EndProject
Project("{FAE04EC0-301F-11D3-BF4B-00C04F79EFBC}") = "GoCardlessApi.Tests.Integration", "tests\GoCardlessApi.Tests.Integration\GoCardlessApi.Tests.Integration.csproj", "{2AC6D483-039B-45CD-B268-EBC14DECFA54}"
EndProject
Global
	GlobalSection(SolutionConfigurationPlatforms) = preSolution
		Debug|Any CPU = Debug|Any CPU
		Release|Any CPU = Release|Any CPU
	EndGlobalSection
	GlobalSection(ProjectConfigurationPlatforms) = postSolution
		{DA523352-687A-4F03-BBB5-8522FC6BDD48}.Debug|Any CPU.ActiveCfg = Debug|Any CPU
		{DA523352-687A-4F03-BBB5-8522FC6BDD48}.Debug|Any CPU.Build.0 = Debug|Any CPU
		{DA523352-687A-4F03-BBB5-8522FC6BDD48}.Release|Any CPU.ActiveCfg = Release|Any CPU
		{DA523352-687A-4F03-BBB5-8522FC6BDD48}.Release|Any CPU.Build.0 = Release|Any CPU
		{2AC6D483-039B-45CD-B268-EBC14DECFA54}.Debug|Any CPU.ActiveCfg = Debug|Any CPU
		{2AC6D483-039B-45CD-B268-EBC14DECFA54}.Debug|Any CPU.Build.0 = Debug|Any CPU
		{2AC6D483-039B-45CD-B268-EBC14DECFA54}.Release|Any CPU.ActiveCfg = Release|Any CPU
		{2AC6D483-039B-45CD-B268-EBC14DECFA54}.Release|Any CPU.Build.0 = Release|Any CPU
	EndGlobalSection
	GlobalSection(SolutionProperties) = preSolution
		HideSolutionNode = FALSE
	EndGlobalSection
	GlobalSection(ExtensibilityGlobals) = postSolution
		SolutionGuid = {34012278-0C98-4F60-8132-F653DFB5B58F}
	EndGlobalSection
EndGlobal
